
Microsoft Visual Studio Solution File, Format Version 12.00
# Visual Studio Version 17
VisualStudioVersion = 17.4.33213.308
MinimumVisualStudioVersion = 10.0.40219.1
Project("{FAE04EC0-301F-11D3-BF4B-00C04F79EFBC}") = "tareaFin", "tareaFin\tareaFin.csproj", "{1E4DB1F5-BE25-4C9A-A99A-36E1E0DEAE33}"
EndProject
Global
	GlobalSection(SolutionConfigurationPlatforms) = preSolution
		Debug|Any CPU = Debug|Any CPU
		Release|Any CPU = Release|Any CPU
	EndGlobalSection
	GlobalSection(ProjectConfigurationPlatforms) = postSolution
		{1E4DB1F5-BE25-4C9A-A99A-36E1E0DEAE33}.Debug|Any CPU.ActiveCfg = Debug|Any CPU
		{1E4DB1F5-BE25-4C9A-A99A-36E1E0DEAE33}.Debug|Any CPU.Build.0 = Debug|Any CPU
		{1E4DB1F5-BE25-4C9A-A99A-36E1E0DEAE33}.Release|Any CPU.ActiveCfg = Release|Any CPU
		{1E4DB1F5-BE25-4C9A-A99A-36E1E0DEAE33}.Release|Any CPU.Build.0 = Release|Any CPU
	EndGlobalSection
	GlobalSection(SolutionProperties) = preSolution
		HideSolutionNode = FALSE
	EndGlobalSection
	GlobalSection(ExtensibilityGlobals) = postSolution
		SolutionGuid = {7F7EB655-E13D-4DF1-B2D0-917A1F5A5B4B}
	EndGlobalSection
EndGlobal
